
Microsoft Visual Studio Solution File, Format Version 12.00
# Visual Studio 14
VisualStudioVersion = 14.0.24720.0
MinimumVisualStudioVersion = 10.0.40219.1
Project("{FAE04EC0-301F-11D3-BF4B-00C04F79EFBC}") = "CorsairKeyboardLayoutGenerator", "CorsairKeyboardLayoutGenerator\CorsairKeyboardLayoutGenerator.csproj", "{5F0E4076-AEEF-48C6-9537-6EB2F4AE2C33}"
EndProject
Global
	GlobalSection(SolutionConfigurationPlatforms) = preSolution
		Debug|Any CPU = Debug|Any CPU
		Release|Any CPU = Release|Any CPU
	EndGlobalSection
	GlobalSection(ProjectConfigurationPlatforms) = postSolution
		{5F0E4076-AEEF-48C6-9537-6EB2F4AE2C33}.Debug|Any CPU.ActiveCfg = Debug|Any CPU
		{5F0E4076-AEEF-48C6-9537-6EB2F4AE2C33}.Debug|Any CPU.Build.0 = Debug|Any CPU
		{5F0E4076-AEEF-48C6-9537-6EB2F4AE2C33}.Release|Any CPU.ActiveCfg = Release|Any CPU
		{5F0E4076-AEEF-48C6-9537-6EB2F4AE2C33}.Release|Any CPU.Build.0 = Release|Any CPU
	EndGlobalSection
	GlobalSection(SolutionProperties) = preSolution
		HideSolutionNode = FALSE
	EndGlobalSection
EndGlobal
